
Microsoft Visual Studio Solution File, Format Version 12.00
# Visual Studio 15
VisualStudioVersion = 15.0.27004.2009
MinimumVisualStudioVersion = 10.0.40219.1
Project("{9A19103F-16F7-4668-BE54-9A1E7A4F7556}") = "Hello.Console", "Hello.Console\Hello.Console.csproj", "{7E263390-4430-4E29-A757-632B70922A76}"
EndProject
Project("{2150E333-8FDC-42A3-9474-1A3956D46DE8}") = "Commands", "Commands", "{88C26018-8FC5-437A-8A0E-49772CF10F10}"
EndProject
Project("{9A19103F-16F7-4668-BE54-9A1E7A4F7556}") = "Command.Common", "Command.Common\Command.Common.csproj", "{C332107F-C156-4DF7-BEAC-E922FD24486C}"
EndProject
Project("{9A19103F-16F7-4668-BE54-9A1E7A4F7556}") = "Command.FileLoader", "Command.FileLoader\Command.FileLoader.csproj", "{D20C98B7-799C-47BE-B205-385867158F0A}"
EndProject
Project("{9A19103F-16F7-4668-BE54-9A1E7A4F7556}") = "Command.POC.Callbacks", "Command.POC.Callbacks\Command.POC.Callbacks.csproj", "{FB11A04B-E9C5-4414-9BF9-103FD97F34E6}"
EndProject
Project("{9A19103F-16F7-4668-BE54-9A1E7A4F7556}") = "Fetch.Core", "Fetch.Core\Fetch.Core.csproj", "{7243D571-458E-47C2-914E-3F02D8652F2D}"
EndProject
Project("{9A19103F-16F7-4668-BE54-9A1E7A4F7556}") = "Programs.Models", "Programs.Models\Programs.Models.csproj", "{7AD9F6F4-00D8-4D1D-B91F-DB82C8CE7A1B}"
EndProject
Project("{9A19103F-16F7-4668-BE54-9A1E7A4F7556}") = "Programs.Repository", "Programs.Repository\Programs.Repository.csproj", "{E01ED1D0-A133-4E27-B063-B33A2040EBF3}"
EndProject
Project("{9A19103F-16F7-4668-BE54-9A1E7A4F7556}") = "ProgramsCommand", "ProgramsCommand\ProgramsCommand.csproj", "{BF471333-BCBB-4F74-9F11-175F11816452}"
EndProject
Project("{9A19103F-16F7-4668-BE54-9A1E7A4F7556}") = "ProgramsCommand.Tests", "ProgramsCommand.Tests\ProgramsCommand.Tests.csproj", "{6AF1C7C2-E291-4820-A077-A68C5921250A}"
EndProject
Project("{9A19103F-16F7-4668-BE54-9A1E7A4F7556}") = "SimpleCommands", "SimpleCommands\SimpleCommands.csproj", "{78E7002C-CD46-4167-8930-DF30A6ADA7C1}"
EndProject
Project("{9A19103F-16F7-4668-BE54-9A1E7A4F7556}") = "Synoptic.CommandAction", "Synoptic.CommandAction\Synoptic.CommandAction.csproj", "{CF644168-DCB6-4F75-9E72-5C62D437A088}"
EndProject
Project("{9A19103F-16F7-4668-BE54-9A1E7A4F7556}") = "Synoptic.CommandAction.Tests", "Synoptic.CommandAction.Tests\Synoptic.CommandAction.Tests.csproj", "{FDA7011D-1CE6-4C28-BD67-D8C66DDAB06A}"
EndProject
Project("{9A19103F-16F7-4668-BE54-9A1E7A4F7556}") = "Command.Contracts", "Command.Contracts\Command.Contracts.csproj", "{135E738F-7DF9-4E67-804B-03A19044EBF0}"
EndProject
Project("{2150E333-8FDC-42A3-9474-1A3956D46DE8}") = "GraphQL", "GraphQL", "{E5C7B232-ED99-44A7-9BFF-50B58BDDEC0B}"
EndProject
Project("{9A19103F-16F7-4668-BE54-9A1E7A4F7556}") = "GraphQL.NetCore", "GraphQL.NetCore\GraphQL.NetCore.csproj", "{7812DB2A-A47F-4D21-9B19-98BED6520D3A}"
EndProject
Project("{9A19103F-16F7-4668-BE54-9A1E7A4F7556}") = "P7.GraphQLCore", "P7.GraphQLCore\P7.GraphQLCore.csproj", "{D0302917-0055-4190-9F6C-E6AF1F752274}"
EndProject
Project("{9A19103F-16F7-4668-BE54-9A1E7A4F7556}") = "P7.Core", "P7.Core\P7.Core.csproj", "{26BAB204-017D-498B-87F6-1DF9F2A83B64}"
EndProject
Project("{FAE04EC0-301F-11D3-BF4B-00C04F79EFBC}") = "Command.GraphQL", "Command.GraphQL\Command.GraphQL.csproj", "{F19B2E17-C80F-4623-876C-795CF3BA20A2}"
EndProject
Global
	GlobalSection(SolutionConfigurationPlatforms) = preSolution
		Debug|Any CPU = Debug|Any CPU
		Release|Any CPU = Release|Any CPU
	EndGlobalSection
	GlobalSection(ProjectConfigurationPlatforms) = postSolution
		{7E263390-4430-4E29-A757-632B70922A76}.Debug|Any CPU.ActiveCfg = Debug|Any CPU
		{7E263390-4430-4E29-A757-632B70922A76}.Debug|Any CPU.Build.0 = Debug|Any CPU
		{7E263390-4430-4E29-A757-632B70922A76}.Release|Any CPU.ActiveCfg = Release|Any CPU
		{7E263390-4430-4E29-A757-632B70922A76}.Release|Any CPU.Build.0 = Release|Any CPU
		{C332107F-C156-4DF7-BEAC-E922FD24486C}.Debug|Any CPU.ActiveCfg = Debug|Any CPU
		{C332107F-C156-4DF7-BEAC-E922FD24486C}.Debug|Any CPU.Build.0 = Debug|Any CPU
		{C332107F-C156-4DF7-BEAC-E922FD24486C}.Release|Any CPU.ActiveCfg = Release|Any CPU
		{C332107F-C156-4DF7-BEAC-E922FD24486C}.Release|Any CPU.Build.0 = Release|Any CPU
		{D20C98B7-799C-47BE-B205-385867158F0A}.Debug|Any CPU.ActiveCfg = Debug|Any CPU
		{D20C98B7-799C-47BE-B205-385867158F0A}.Debug|Any CPU.Build.0 = Debug|Any CPU
		{D20C98B7-799C-47BE-B205-385867158F0A}.Release|Any CPU.ActiveCfg = Release|Any CPU
		{D20C98B7-799C-47BE-B205-385867158F0A}.Release|Any CPU.Build.0 = Release|Any CPU
		{FB11A04B-E9C5-4414-9BF9-103FD97F34E6}.Debug|Any CPU.ActiveCfg = Debug|Any CPU
		{FB11A04B-E9C5-4414-9BF9-103FD97F34E6}.Debug|Any CPU.Build.0 = Debug|Any CPU
		{FB11A04B-E9C5-4414-9BF9-103FD97F34E6}.Release|Any CPU.ActiveCfg = Release|Any CPU
		{FB11A04B-E9C5-4414-9BF9-103FD97F34E6}.Release|Any CPU.Build.0 = Release|Any CPU
		{7243D571-458E-47C2-914E-3F02D8652F2D}.Debug|Any CPU.ActiveCfg = Debug|Any CPU
		{7243D571-458E-47C2-914E-3F02D8652F2D}.Debug|Any CPU.Build.0 = Debug|Any CPU
		{7243D571-458E-47C2-914E-3F02D8652F2D}.Release|Any CPU.ActiveCfg = Release|Any CPU
		{7243D571-458E-47C2-914E-3F02D8652F2D}.Release|Any CPU.Build.0 = Release|Any CPU
		{7AD9F6F4-00D8-4D1D-B91F-DB82C8CE7A1B}.Debug|Any CPU.ActiveCfg = Debug|Any CPU
		{7AD9F6F4-00D8-4D1D-B91F-DB82C8CE7A1B}.Debug|Any CPU.Build.0 = Debug|Any CPU
		{7AD9F6F4-00D8-4D1D-B91F-DB82C8CE7A1B}.Release|Any CPU.ActiveCfg = Release|Any CPU
		{7AD9F6F4-00D8-4D1D-B91F-DB82C8CE7A1B}.Release|Any CPU.Build.0 = Release|Any CPU
		{E01ED1D0-A133-4E27-B063-B33A2040EBF3}.Debug|Any CPU.ActiveCfg = Debug|Any CPU
		{E01ED1D0-A133-4E27-B063-B33A2040EBF3}.Debug|Any CPU.Build.0 = Debug|Any CPU
		{E01ED1D0-A133-4E27-B063-B33A2040EBF3}.Release|Any CPU.ActiveCfg = Release|Any CPU
		{E01ED1D0-A133-4E27-B063-B33A2040EBF3}.Release|Any CPU.Build.0 = Release|Any CPU
		{BF471333-BCBB-4F74-9F11-175F11816452}.Debug|Any CPU.ActiveCfg = Debug|Any CPU
		{BF471333-BCBB-4F74-9F11-175F11816452}.Debug|Any CPU.Build.0 = Debug|Any CPU
		{BF471333-BCBB-4F74-9F11-175F11816452}.Release|Any CPU.ActiveCfg = Release|Any CPU
		{BF471333-BCBB-4F74-9F11-175F11816452}.Release|Any CPU.Build.0 = Release|Any CPU
		{6AF1C7C2-E291-4820-A077-A68C5921250A}.Debug|Any CPU.ActiveCfg = Debug|Any CPU
		{6AF1C7C2-E291-4820-A077-A68C5921250A}.Debug|Any CPU.Build.0 = Debug|Any CPU
		{6AF1C7C2-E291-4820-A077-A68C5921250A}.Release|Any CPU.ActiveCfg = Release|Any CPU
		{6AF1C7C2-E291-4820-A077-A68C5921250A}.Release|Any CPU.Build.0 = Release|Any CPU
		{78E7002C-CD46-4167-8930-DF30A6ADA7C1}.Debug|Any CPU.ActiveCfg = Debug|Any CPU
		{78E7002C-CD46-4167-8930-DF30A6ADA7C1}.Debug|Any CPU.Build.0 = Debug|Any CPU
		{78E7002C-CD46-4167-8930-DF30A6ADA7C1}.Release|Any CPU.ActiveCfg = Release|Any CPU
		{78E7002C-CD46-4167-8930-DF30A6ADA7C1}.Release|Any CPU.Build.0 = Release|Any CPU
		{CF644168-DCB6-4F75-9E72-5C62D437A088}.Debug|Any CPU.ActiveCfg = Debug|Any CPU
		{CF644168-DCB6-4F75-9E72-5C62D437A088}.Debug|Any CPU.Build.0 = Debug|Any CPU
		{CF644168-DCB6-4F75-9E72-5C62D437A088}.Release|Any CPU.ActiveCfg = Release|Any CPU
		{CF644168-DCB6-4F75-9E72-5C62D437A088}.Release|Any CPU.Build.0 = Release|Any CPU
		{FDA7011D-1CE6-4C28-BD67-D8C66DDAB06A}.Debug|Any CPU.ActiveCfg = Debug|Any CPU
		{FDA7011D-1CE6-4C28-BD67-D8C66DDAB06A}.Debug|Any CPU.Build.0 = Debug|Any CPU
		{FDA7011D-1CE6-4C28-BD67-D8C66DDAB06A}.Release|Any CPU.ActiveCfg = Release|Any CPU
		{FDA7011D-1CE6-4C28-BD67-D8C66DDAB06A}.Release|Any CPU.Build.0 = Release|Any CPU
		{135E738F-7DF9-4E67-804B-03A19044EBF0}.Debug|Any CPU.ActiveCfg = Debug|Any CPU
		{135E738F-7DF9-4E67-804B-03A19044EBF0}.Debug|Any CPU.Build.0 = Debug|Any CPU
		{135E738F-7DF9-4E67-804B-03A19044EBF0}.Release|Any CPU.ActiveCfg = Release|Any CPU
		{135E738F-7DF9-4E67-804B-03A19044EBF0}.Release|Any CPU.Build.0 = Release|Any CPU
		{7812DB2A-A47F-4D21-9B19-98BED6520D3A}.Debug|Any CPU.ActiveCfg = Debug|Any CPU
		{7812DB2A-A47F-4D21-9B19-98BED6520D3A}.Debug|Any CPU.Build.0 = Debug|Any CPU
		{7812DB2A-A47F-4D21-9B19-98BED6520D3A}.Release|Any CPU.ActiveCfg = Release|Any CPU
		{7812DB2A-A47F-4D21-9B19-98BED6520D3A}.Release|Any CPU.Build.0 = Release|Any CPU
		{D0302917-0055-4190-9F6C-E6AF1F752274}.Debug|Any CPU.ActiveCfg = Debug|Any CPU
		{D0302917-0055-4190-9F6C-E6AF1F752274}.Debug|Any CPU.Build.0 = Debug|Any CPU
		{D0302917-0055-4190-9F6C-E6AF1F752274}.Release|Any CPU.ActiveCfg = Release|Any CPU
		{D0302917-0055-4190-9F6C-E6AF1F752274}.Release|Any CPU.Build.0 = Release|Any CPU
		{26BAB204-017D-498B-87F6-1DF9F2A83B64}.Debug|Any CPU.ActiveCfg = Debug|Any CPU
		{26BAB204-017D-498B-87F6-1DF9F2A83B64}.Debug|Any CPU.Build.0 = Debug|Any CPU
		{26BAB204-017D-498B-87F6-1DF9F2A83B64}.Release|Any CPU.ActiveCfg = Release|Any CPU
		{26BAB204-017D-498B-87F6-1DF9F2A83B64}.Release|Any CPU.Build.0 = Release|Any CPU
		{F19B2E17-C80F-4623-876C-795CF3BA20A2}.Debug|Any CPU.ActiveCfg = Debug|Any CPU
		{F19B2E17-C80F-4623-876C-795CF3BA20A2}.Debug|Any CPU.Build.0 = Debug|Any CPU
		{F19B2E17-C80F-4623-876C-795CF3BA20A2}.Release|Any CPU.ActiveCfg = Release|Any CPU
		{F19B2E17-C80F-4623-876C-795CF3BA20A2}.Release|Any CPU.Build.0 = Release|Any CPU
	EndGlobalSection
	GlobalSection(SolutionProperties) = preSolution
		HideSolutionNode = FALSE
	EndGlobalSection
	GlobalSection(NestedProjects) = preSolution
		{C332107F-C156-4DF7-BEAC-E922FD24486C} = {88C26018-8FC5-437A-8A0E-49772CF10F10}
		{D20C98B7-799C-47BE-B205-385867158F0A} = {88C26018-8FC5-437A-8A0E-49772CF10F10}
		{FB11A04B-E9C5-4414-9BF9-103FD97F34E6} = {88C26018-8FC5-437A-8A0E-49772CF10F10}
		{7AD9F6F4-00D8-4D1D-B91F-DB82C8CE7A1B} = {88C26018-8FC5-437A-8A0E-49772CF10F10}
		{E01ED1D0-A133-4E27-B063-B33A2040EBF3} = {88C26018-8FC5-437A-8A0E-49772CF10F10}
		{BF471333-BCBB-4F74-9F11-175F11816452} = {88C26018-8FC5-437A-8A0E-49772CF10F10}
		{6AF1C7C2-E291-4820-A077-A68C5921250A} = {88C26018-8FC5-437A-8A0E-49772CF10F10}
		{78E7002C-CD46-4167-8930-DF30A6ADA7C1} = {88C26018-8FC5-437A-8A0E-49772CF10F10}
		{CF644168-DCB6-4F75-9E72-5C62D437A088} = {88C26018-8FC5-437A-8A0E-49772CF10F10}
		{FDA7011D-1CE6-4C28-BD67-D8C66DDAB06A} = {88C26018-8FC5-437A-8A0E-49772CF10F10}
		{135E738F-7DF9-4E67-804B-03A19044EBF0} = {88C26018-8FC5-437A-8A0E-49772CF10F10}
		{7812DB2A-A47F-4D21-9B19-98BED6520D3A} = {E5C7B232-ED99-44A7-9BFF-50B58BDDEC0B}
		{D0302917-0055-4190-9F6C-E6AF1F752274} = {E5C7B232-ED99-44A7-9BFF-50B58BDDEC0B}
		{26BAB204-017D-498B-87F6-1DF9F2A83B64} = {E5C7B232-ED99-44A7-9BFF-50B58BDDEC0B}
		{F19B2E17-C80F-4623-876C-795CF3BA20A2} = {88C26018-8FC5-437A-8A0E-49772CF10F10}
	EndGlobalSection
	GlobalSection(ExtensibilityGlobals) = postSolution
		SolutionGuid = {C6CC1A2B-AC6A-41CD-A9B8-FFEEF5AE528A}
	EndGlobalSection
EndGlobal
